
Microsoft Visual Studio Solution File, Format Version 12.00
# Visual Studio 2012
Project("{FAE04EC0-301F-11D3-BF4B-00C04F79EFBC}") = "TemplateEngine.Docx", "TemplateEngine.Docx\TemplateEngine.Docx.csproj", "{B6320046-B27F-41E7-9AA7-C2EE252C0DA5}"
EndProject
Project("{FAE04EC0-301F-11D3-BF4B-00C04F79EFBC}") = "TemplateEngine.Docx.Tests", "TemplateEngine.Docx.Tests\TemplateEngine.Docx.Tests.csproj", "{F2E9C8DD-6940-40F5-8D74-3DE53F453675}"
EndProject
Project("{FAE04EC0-301F-11D3-BF4B-00C04F79EFBC}") = "TemplateEngine.Docx.Example", "TemplateEngine.Docx.Example\TemplateEngine.Docx.Example.csproj", "{6820886F-5146-4113-AB62-BCF893E76435}"
EndProject
Global
	GlobalSection(SolutionConfigurationPlatforms) = preSolution
		Debug|Any CPU = Debug|Any CPU
		Release|Any CPU = Release|Any CPU
	EndGlobalSection
	GlobalSection(ProjectConfigurationPlatforms) = postSolution
		{B6320046-B27F-41E7-9AA7-C2EE252C0DA5}.Debug|Any CPU.ActiveCfg = Debug|Any CPU
		{B6320046-B27F-41E7-9AA7-C2EE252C0DA5}.Debug|Any CPU.Build.0 = Debug|Any CPU
		{B6320046-B27F-41E7-9AA7-C2EE252C0DA5}.Release|Any CPU.ActiveCfg = Release|Any CPU
		{B6320046-B27F-41E7-9AA7-C2EE252C0DA5}.Release|Any CPU.Build.0 = Release|Any CPU
		{F2E9C8DD-6940-40F5-8D74-3DE53F453675}.Debug|Any CPU.ActiveCfg = Debug|Any CPU
		{F2E9C8DD-6940-40F5-8D74-3DE53F453675}.Debug|Any CPU.Build.0 = Debug|Any CPU
		{F2E9C8DD-6940-40F5-8D74-3DE53F453675}.Release|Any CPU.ActiveCfg = Release|Any CPU
		{F2E9C8DD-6940-40F5-8D74-3DE53F453675}.Release|Any CPU.Build.0 = Release|Any CPU
		{6820886F-5146-4113-AB62-BCF893E76435}.Debug|Any CPU.ActiveCfg = Debug|Any CPU
		{6820886F-5146-4113-AB62-BCF893E76435}.Debug|Any CPU.Build.0 = Debug|Any CPU
		{6820886F-5146-4113-AB62-BCF893E76435}.Release|Any CPU.ActiveCfg = Release|Any CPU
		{6820886F-5146-4113-AB62-BCF893E76435}.Release|Any CPU.Build.0 = Release|Any CPU
	EndGlobalSection
	GlobalSection(SolutionProperties) = preSolution
		HideSolutionNode = FALSE
	EndGlobalSection
EndGlobal
